
Microsoft Visual Studio Solution File, Format Version 12.00
# Visual Studio Version 17
VisualStudioVersion = 17.11.35312.102
MinimumVisualStudioVersion = 10.0.40219.1
Project("{FAE04EC0-301F-11D3-BF4B-00C04F79EFBC}") = "PdfGeneratorRazor", "PdfGeneratorRazor\PdfGeneratorRazor.csproj", "{750EF751-D4C8-47D3-9D7F-99E1E68467DB}"
EndProject
Global
	GlobalSection(SolutionConfigurationPlatforms) = preSolution
		Debug|Any CPU = Debug|Any CPU
		Release|Any CPU = Release|Any CPU
	EndGlobalSection
	GlobalSection(ProjectConfigurationPlatforms) = postSolution
		{750EF751-D4C8-47D3-9D7F-99E1E68467DB}.Debug|Any CPU.ActiveCfg = Debug|Any CPU
		{750EF751-D4C8-47D3-9D7F-99E1E68467DB}.Debug|Any CPU.Build.0 = Debug|Any CPU
		{750EF751-D4C8-47D3-9D7F-99E1E68467DB}.Release|Any CPU.ActiveCfg = Release|Any CPU
		{750EF751-D4C8-47D3-9D7F-99E1E68467DB}.Release|Any CPU.Build.0 = Release|Any CPU
	EndGlobalSection
	GlobalSection(SolutionProperties) = preSolution
		HideSolutionNode = FALSE
	EndGlobalSection
	GlobalSection(ExtensibilityGlobals) = postSolution
		SolutionGuid = {1C56492A-D84B-4517-9D0E-6FECBA2958CA}
	EndGlobalSection
EndGlobal
